{
  "name": "@svgr/webpack",
  "version": "6.2.0",
  "lockfileVersion": 1,
  "requires": true,
  "dependencies": {
    "loader-utils": {
      "version": "3.2.0",
      "resolved": "https://registry.npmjs.org/loader-utils/-/loader-utils-3.2.0.tgz",
      "integrity": "sha512-HVl9ZqccQihZ7JM85dco1MvO9G+ONvxoGa9rkhzFsneGLKSUg1gJf9bWzhRhcvm2qChhWpebQhP44qxjKIUCaQ==",
      "dev": true
    }
  }
}
